
Microsoft Visual Studio Solution File, Format Version 12.00
# Visual Studio Version 17
VisualStudioVersion = 17.5.33516.290
MinimumVisualStudioVersion = 10.0.40219.1
Project("{2150E333-8FDC-42A3-9474-1A3956D46DE8}") = "src", "src", "{0C5069DC-2950-41C0-9019-D242DA5FC6E4}"
EndProject
Project("{2150E333-8FDC-42A3-9474-1A3956D46DE8}") = "external", "external", "{02EEB650-794C-431C-ABB4-49D7FE63AA99}"
EndProject
Project("{2150E333-8FDC-42A3-9474-1A3956D46DE8}") = "API", "API", "{ACDA9C92-C828-4E49-BF24-4208BA20FBE2}"
EndProject
Project("{2150E333-8FDC-42A3-9474-1A3956D46DE8}") = "Core", "Core", "{C03AAD71-466F-4CCE-933D-F6C52B92E95F}"
EndProject
Project("{2150E333-8FDC-42A3-9474-1A3956D46DE8}") = "Infrastructure", "Infrastructure", "{18FA5503-6A54-4D33-921A-3A8D138C91BE}"
EndProject
Project("{9A19103F-16F7-4668-BE54-9A1E7A4F7556}") = "Application", "Application\Application.csproj", "{4B3DC068-EF86-4526-9933-902ABFB0CF99}"
EndProject
Project("{9A19103F-16F7-4668-BE54-9A1E7A4F7556}") = "Domain", "Domain\Domain.csproj", "{05DDBE22-4BA0-4A2B-9BEC-F33FA9E769EB}"
EndProject
Project("{9A19103F-16F7-4668-BE54-9A1E7A4F7556}") = "Persistence", "Persistence\Persistence.csproj", "{407F8C0B-58DA-4666-83B1-29AF12A06C3C}"
EndProject
Project("{9A19103F-16F7-4668-BE54-9A1E7A4F7556}") = "API", "API\API.csproj", "{A9B6FE3C-3BEC-42A8-B7A5-A72AA98696B6}"
EndProject
Project("{9A19103F-16F7-4668-BE54-9A1E7A4F7556}") = "Identity", "Identity\Identity.csproj", "{7B71410E-E211-4834-BFD0-0F11470C74CB}"
EndProject
Project("{2150E333-8FDC-42A3-9474-1A3956D46DE8}") = "test", "test", "{320338B6-A3FA-4C75-8E3E-7B8EDE308E82}"
EndProject
Project("{9A19103F-16F7-4668-BE54-9A1E7A4F7556}") = "Application.Tests", "Application.Tests\Application.Tests.csproj", "{9FD56A23-8EBC-469A-ACD2-F86D1B2F324B}"
EndProject
Global
	GlobalSection(SolutionConfigurationPlatforms) = preSolution
		Debug|Any CPU = Debug|Any CPU
		Release|Any CPU = Release|Any CPU
	EndGlobalSection
	GlobalSection(ProjectConfigurationPlatforms) = postSolution
		{4B3DC068-EF86-4526-9933-902ABFB0CF99}.Debug|Any CPU.ActiveCfg = Debug|Any CPU
		{4B3DC068-EF86-4526-9933-902ABFB0CF99}.Debug|Any CPU.Build.0 = Debug|Any CPU
		{4B3DC068-EF86-4526-9933-902ABFB0CF99}.Release|Any CPU.ActiveCfg = Release|Any CPU
		{4B3DC068-EF86-4526-9933-902ABFB0CF99}.Release|Any CPU.Build.0 = Release|Any CPU
		{05DDBE22-4BA0-4A2B-9BEC-F33FA9E769EB}.Debug|Any CPU.ActiveCfg = Debug|Any CPU
		{05DDBE22-4BA0-4A2B-9BEC-F33FA9E769EB}.Debug|Any CPU.Build.0 = Debug|Any CPU
		{05DDBE22-4BA0-4A2B-9BEC-F33FA9E769EB}.Release|Any CPU.ActiveCfg = Release|Any CPU
		{05DDBE22-4BA0-4A2B-9BEC-F33FA9E769EB}.Release|Any CPU.Build.0 = Release|Any CPU
		{407F8C0B-58DA-4666-83B1-29AF12A06C3C}.Debug|Any CPU.ActiveCfg = Debug|Any CPU
		{407F8C0B-58DA-4666-83B1-29AF12A06C3C}.Debug|Any CPU.Build.0 = Debug|Any CPU
		{407F8C0B-58DA-4666-83B1-29AF12A06C3C}.Release|Any CPU.ActiveCfg = Release|Any CPU
		{407F8C0B-58DA-4666-83B1-29AF12A06C3C}.Release|Any CPU.Build.0 = Release|Any CPU
		{A9B6FE3C-3BEC-42A8-B7A5-A72AA98696B6}.Debug|Any CPU.ActiveCfg = Debug|Any CPU
		{A9B6FE3C-3BEC-42A8-B7A5-A72AA98696B6}.Debug|Any CPU.Build.0 = Debug|Any CPU
		{A9B6FE3C-3BEC-42A8-B7A5-A72AA98696B6}.Release|Any CPU.ActiveCfg = Release|Any CPU
		{A9B6FE3C-3BEC-42A8-B7A5-A72AA98696B6}.Release|Any CPU.Build.0 = Release|Any CPU
		{7B71410E-E211-4834-BFD0-0F11470C74CB}.Debug|Any CPU.ActiveCfg = Debug|Any CPU
		{7B71410E-E211-4834-BFD0-0F11470C74CB}.Debug|Any CPU.Build.0 = Debug|Any CPU
		{7B71410E-E211-4834-BFD0-0F11470C74CB}.Release|Any CPU.ActiveCfg = Release|Any CPU
		{7B71410E-E211-4834-BFD0-0F11470C74CB}.Release|Any CPU.Build.0 = Release|Any CPU
		{9FD56A23-8EBC-469A-ACD2-F86D1B2F324B}.Debug|Any CPU.ActiveCfg = Debug|Any CPU
		{9FD56A23-8EBC-469A-ACD2-F86D1B2F324B}.Debug|Any CPU.Build.0 = Debug|Any CPU
		{9FD56A23-8EBC-469A-ACD2-F86D1B2F324B}.Release|Any CPU.ActiveCfg = Release|Any CPU
		{9FD56A23-8EBC-469A-ACD2-F86D1B2F324B}.Release|Any CPU.Build.0 = Release|Any CPU
	EndGlobalSection
	GlobalSection(SolutionProperties) = preSolution
		HideSolutionNode = FALSE
	EndGlobalSection
	GlobalSection(NestedProjects) = preSolution
		{ACDA9C92-C828-4E49-BF24-4208BA20FBE2} = {0C5069DC-2950-41C0-9019-D242DA5FC6E4}
		{C03AAD71-466F-4CCE-933D-F6C52B92E95F} = {0C5069DC-2950-41C0-9019-D242DA5FC6E4}
		{18FA5503-6A54-4D33-921A-3A8D138C91BE} = {0C5069DC-2950-41C0-9019-D242DA5FC6E4}
		{4B3DC068-EF86-4526-9933-902ABFB0CF99} = {C03AAD71-466F-4CCE-933D-F6C52B92E95F}
		{05DDBE22-4BA0-4A2B-9BEC-F33FA9E769EB} = {C03AAD71-466F-4CCE-933D-F6C52B92E95F}
		{407F8C0B-58DA-4666-83B1-29AF12A06C3C} = {18FA5503-6A54-4D33-921A-3A8D138C91BE}
		{A9B6FE3C-3BEC-42A8-B7A5-A72AA98696B6} = {ACDA9C92-C828-4E49-BF24-4208BA20FBE2}
		{7B71410E-E211-4834-BFD0-0F11470C74CB} = {18FA5503-6A54-4D33-921A-3A8D138C91BE}
		{9FD56A23-8EBC-469A-ACD2-F86D1B2F324B} = {320338B6-A3FA-4C75-8E3E-7B8EDE308E82}
	EndGlobalSection
	GlobalSection(ExtensibilityGlobals) = postSolution
		SolutionGuid = {36503C40-C06F-460F-B4A5-8002817E29F6}
	EndGlobalSection
EndGlobal
